
Microsoft Visual Studio Solution File, Format Version 12.00
# Visual Studio 14
VisualStudioVersion = 14.0.25420.1
MinimumVisualStudioVersion = 10.0.40219.1
Project("{FAE04EC0-301F-11D3-BF4B-00C04F79EFBC}") = "Festispec", "Festispec\Festispec.csproj", "{CB790BA5-9C82-472F-AD25-577BCC0C63D1}"
EndProject
Project("{FAE04EC0-301F-11D3-BF4B-00C04F79EFBC}") = "Festispec.Domain", "Festispec.Domain\Festispec.Domain.csproj", "{09979796-E638-48D5-8666-FA0AC1F54A2E}"
EndProject
Project("{00D1A9C2-B5F0-4AF3-8072-F6C62B433612}") = "Festispec.Database", "Festispec.Database\Festispec.Database.sqlproj", "{3D8617C6-BA61-473A-AB35-78FC7DDE853B}"
EndProject
Project("{FAE04EC0-301F-11D3-BF4B-00C04F79EFBC}") = "Festispec.Test", "Festispec.Test\Festispec.Test.csproj", "{07E32F2F-B79B-410F-890D-B397E3F90CC0}"
EndProject
Project("{FAE04EC0-301F-11D3-BF4B-00C04F79EFBC}") = "ProofOfConcept.Geodan", "ProofOfConcept.Geodan\ProofOfConcept.Geodan.csproj", "{86E3678B-98F7-4E37-BE12-D682B3F7D7AE}"
EndProject
Project("{FAE04EC0-301F-11D3-BF4B-00C04F79EFBC}") = "TestPDF", "TestPDF\TestPDF.csproj", "{FF3F7247-3397-4E9F-92D4-7FEAF092A253}"
EndProject
Project("{FAE04EC0-301F-11D3-BF4B-00C04F79EFBC}") = "Festispec.OfflineSync", "Festispec.OfflineSync\Festispec.OfflineSync.csproj", "{29523B3F-FCCD-4528-B926-7487C8AE0755}"
EndProject
Global
	GlobalSection(SolutionConfigurationPlatforms) = preSolution
		Debug|Any CPU = Debug|Any CPU
		Release|Any CPU = Release|Any CPU
	EndGlobalSection
	GlobalSection(ProjectConfigurationPlatforms) = postSolution
		{CB790BA5-9C82-472F-AD25-577BCC0C63D1}.Debug|Any CPU.ActiveCfg = Debug|Any CPU
		{CB790BA5-9C82-472F-AD25-577BCC0C63D1}.Debug|Any CPU.Build.0 = Debug|Any CPU
		{CB790BA5-9C82-472F-AD25-577BCC0C63D1}.Release|Any CPU.ActiveCfg = Release|Any CPU
		{CB790BA5-9C82-472F-AD25-577BCC0C63D1}.Release|Any CPU.Build.0 = Release|Any CPU
		{09979796-E638-48D5-8666-FA0AC1F54A2E}.Debug|Any CPU.ActiveCfg = Debug|Any CPU
		{09979796-E638-48D5-8666-FA0AC1F54A2E}.Debug|Any CPU.Build.0 = Debug|Any CPU
		{09979796-E638-48D5-8666-FA0AC1F54A2E}.Release|Any CPU.ActiveCfg = Release|Any CPU
		{09979796-E638-48D5-8666-FA0AC1F54A2E}.Release|Any CPU.Build.0 = Release|Any CPU
		{3D8617C6-BA61-473A-AB35-78FC7DDE853B}.Debug|Any CPU.ActiveCfg = Debug|Any CPU
		{3D8617C6-BA61-473A-AB35-78FC7DDE853B}.Debug|Any CPU.Build.0 = Debug|Any CPU
		{3D8617C6-BA61-473A-AB35-78FC7DDE853B}.Debug|Any CPU.Deploy.0 = Debug|Any CPU
		{3D8617C6-BA61-473A-AB35-78FC7DDE853B}.Release|Any CPU.ActiveCfg = Release|Any CPU
		{3D8617C6-BA61-473A-AB35-78FC7DDE853B}.Release|Any CPU.Build.0 = Release|Any CPU
		{3D8617C6-BA61-473A-AB35-78FC7DDE853B}.Release|Any CPU.Deploy.0 = Release|Any CPU
		{07E32F2F-B79B-410F-890D-B397E3F90CC0}.Debug|Any CPU.ActiveCfg = Debug|Any CPU
		{07E32F2F-B79B-410F-890D-B397E3F90CC0}.Debug|Any CPU.Build.0 = Debug|Any CPU
		{07E32F2F-B79B-410F-890D-B397E3F90CC0}.Release|Any CPU.ActiveCfg = Release|Any CPU
		{07E32F2F-B79B-410F-890D-B397E3F90CC0}.Release|Any CPU.Build.0 = Release|Any CPU
		{86E3678B-98F7-4E37-BE12-D682B3F7D7AE}.Debug|Any CPU.ActiveCfg = Debug|Any CPU
		{86E3678B-98F7-4E37-BE12-D682B3F7D7AE}.Debug|Any CPU.Build.0 = Debug|Any CPU
		{86E3678B-98F7-4E37-BE12-D682B3F7D7AE}.Release|Any CPU.ActiveCfg = Release|Any CPU
		{86E3678B-98F7-4E37-BE12-D682B3F7D7AE}.Release|Any CPU.Build.0 = Release|Any CPU
		{FF3F7247-3397-4E9F-92D4-7FEAF092A253}.Debug|Any CPU.ActiveCfg = Debug|Any CPU
		{FF3F7247-3397-4E9F-92D4-7FEAF092A253}.Debug|Any CPU.Build.0 = Debug|Any CPU
		{FF3F7247-3397-4E9F-92D4-7FEAF092A253}.Release|Any CPU.ActiveCfg = Release|Any CPU
		{FF3F7247-3397-4E9F-92D4-7FEAF092A253}.Release|Any CPU.Build.0 = Release|Any CPU
		{29523B3F-FCCD-4528-B926-7487C8AE0755}.Debug|Any CPU.ActiveCfg = Debug|Any CPU
		{29523B3F-FCCD-4528-B926-7487C8AE0755}.Debug|Any CPU.Build.0 = Debug|Any CPU
		{29523B3F-FCCD-4528-B926-7487C8AE0755}.Release|Any CPU.ActiveCfg = Release|Any CPU
		{29523B3F-FCCD-4528-B926-7487C8AE0755}.Release|Any CPU.Build.0 = Release|Any CPU
	EndGlobalSection
	GlobalSection(SolutionProperties) = preSolution
		HideSolutionNode = FALSE
	EndGlobalSection
EndGlobal
